
Microsoft Visual Studio Solution File, Format Version 12.00
# Visual Studio Version 17
VisualStudioVersion = 17.5.002.0
MinimumVisualStudioVersion = 10.0.40219.1
Project("{9A19103F-16F7-4668-BE54-9A1E7A4F7556}") = "Largest subarray", "Largest subarray.csproj", "{D4B6ECFB-9822-431D-81FC-B0C1B54DF09D}"
EndProject
Global
	GlobalSection(SolutionConfigurationPlatforms) = preSolution
		Debug|Any CPU = Debug|Any CPU
		Release|Any CPU = Release|Any CPU
	EndGlobalSection
	GlobalSection(ProjectConfigurationPlatforms) = postSolution
		{D4B6ECFB-9822-431D-81FC-B0C1B54DF09D}.Debug|Any CPU.ActiveCfg = Debug|Any CPU
		{D4B6ECFB-9822-431D-81FC-B0C1B54DF09D}.Debug|Any CPU.Build.0 = Debug|Any CPU
		{D4B6ECFB-9822-431D-81FC-B0C1B54DF09D}.Release|Any CPU.ActiveCfg = Release|Any CPU
		{D4B6ECFB-9822-431D-81FC-B0C1B54DF09D}.Release|Any CPU.Build.0 = Release|Any CPU
	EndGlobalSection
	GlobalSection(SolutionProperties) = preSolution
		HideSolutionNode = FALSE
	EndGlobalSection
	GlobalSection(ExtensibilityGlobals) = postSolution
		SolutionGuid = {480B629C-191E-4A11-BACF-A8A6007D80A4}
	EndGlobalSection
EndGlobal
